{
  "name": "xrgl",
  "version": "1.0.0",
  "lockfileVersion": 1,
  "requires": true,
  "dependencies": {
    "regl": {
      "version": "1.3.11",
      "resolved": "https://registry.npmjs.org/regl/-/regl-1.3.11.tgz",
      "integrity": "sha512-tmt6CRhRqbcsYDWNwv+iG7GGOXdgoOBC7lKzoPMgnzpt3WKBQ3c8i7AxgbvTRZzty29hrW92fAJeZkPFQehfWA=="
    },
    "three": {
      "version": "0.104.0",
      "resolved": "https://registry.npmjs.org/three/-/three-0.104.0.tgz",
      "integrity": "sha512-q617IMBC5k40U2E9UC4/LtmhzTOOLB1jGMIooUL+QrhZ7abiGCSDrKrpCDt9V8RTl6xw+0FYfA1PYsIPKbQOgg=="
    },
    "three-obj-loader": {
      "version": "1.1.3",
      "resolved": "https://registry.npmjs.org/three-obj-loader/-/three-obj-loader-1.1.3.tgz",
      "integrity": "sha512-usuOOTAqeM7J7dyae/I9ltFnfy1g47Hsr3byTvBTeH9LYz5vb2i8rLd2Hi1HEr0MbB5H4p9YrqFaDGcijXEVNw=="
    },
    "three-orbitcontrols": {
      "version": "2.102.1",
      "resolved": "https://registry.npmjs.org/three-orbitcontrols/-/three-orbitcontrols-2.102.1.tgz",
      "integrity": "sha512-mp5qc5mooCtjgSloMFzIEI2VQVkvBDWDMYtbxY3TFB/BCCYpR6NV7/dD5+EUyzR90/a9H356s9QR+2PhH48f6w=="
    }
  }
}
